
Microsoft Visual Studio Solution File, Format Version 12.00
# Visual Studio 15
VisualStudioVersion = 15.0.26730.16
MinimumVisualStudioVersion = 10.0.40219.1
Project("{FAE04EC0-301F-11D3-BF4B-00C04F79EFBC}") = "odulsistemi", "odulsistemi\odulsistemi.csproj", "{6AAF1120-7B80-4651-942A-87CF21C96F4A}"
EndProject
Global
	GlobalSection(SolutionConfigurationPlatforms) = preSolution
		Debug|Any CPU = Debug|Any CPU
		Release|Any CPU = Release|Any CPU
	EndGlobalSection
	GlobalSection(ProjectConfigurationPlatforms) = postSolution
		{6AAF1120-7B80-4651-942A-87CF21C96F4A}.Debug|Any CPU.ActiveCfg = Debug|Any CPU
		{6AAF1120-7B80-4651-942A-87CF21C96F4A}.Debug|Any CPU.Build.0 = Debug|Any CPU
		{6AAF1120-7B80-4651-942A-87CF21C96F4A}.Release|Any CPU.ActiveCfg = Release|Any CPU
		{6AAF1120-7B80-4651-942A-87CF21C96F4A}.Release|Any CPU.Build.0 = Release|Any CPU
	EndGlobalSection
	GlobalSection(SolutionProperties) = preSolution
		HideSolutionNode = FALSE
	EndGlobalSection
	GlobalSection(ExtensibilityGlobals) = postSolution
		SolutionGuid = {9EE35444-08B0-4AAD-A3B1-1FB198AA85AD}
	EndGlobalSection
EndGlobal
